// !$*UTF8*$!
{
	archiveVersion = 1;
	classes = {
	};
	objectVersion = 55;
	objects = {

/* Begin PBXBuildFile section */
		88CE0CDF278D602C00C52F86 /* AppDelegate.swift in Sources */ = {isa = PBXBuildFile; fileRef = 88CE0CDE278D602C00C52F86 /* AppDelegate.swift */; };
		88CE0CE1278D602C00C52F86 /* SceneDelegate.swift in Sources */ = {isa = PBXBuildFile; fileRef = 88CE0CE0278D602C00C52F86 /* SceneDelegate.swift */; };
		88CE0CE3278D602C00C52F86 /* ViewController.swift in Sources */ = {isa = PBXBuildFile; fileRef = 88CE0CE2278D602C00C52F86 /* ViewController.swift */; };
		88CE0CE6278D602C00C52F86 /* Main.storyboard in Resources */ = {isa = PBXBuildFile; fileRef = 88CE0CE4278D602C00C52F86 /* Main.storyboard */; };
		88CE0CE8278D602E00C52F86 /* Assets.xcassets in Resources */ = {isa = PBXBuildFile; fileRef = 88CE0CE7278D602E00C52F86 /* Assets.xcassets */; };
		88CE0CEB278D602E00C52F86 /* LaunchScreen.storyboard in Resources */ = {isa = PBXBuildFile; fileRef = 88CE0CE9278D602E00C52F86 /* LaunchScreen.storyboard */; };
		88CE0CF4278D688300C52F86 /* Country.swift in Sources */ = {isa = PBXBuildFile; fileRef = 88CE0CF3278D688300C52F86 /* Country.swift */; };
		88CE0CF6278D6A8600C52F86 /* CountryTableViewCell.swift in Sources */ = {isa = PBXBuildFile; fileRef = 88CE0CF5278D6A8600C52F86 /* CountryTableViewCell.swift */; };
		88CE0CF8278D76C100C52F86 /* CityViewController.swift in Sources */ = {isa = PBXBuildFile; fileRef = 88CE0CF7278D76C100C52F86 /* CityViewController.swift */; };
		88D965C4278E53E900DD5ACD /* CityTableViewCell.swift in Sources */ = {isa = PBXBuildFile; fileRef = 88D965C3278E53E900DD5ACD /* CityTableViewCell.swift */; };
		88D965C6278E57BD00DD5ACD /* City.swift in Sources */ = {isa = PBXBuildFile; fileRef = 88D965C5278E57BD00DD5ACD /* City.swift */; };
		88D965C8278E64B100DD5ACD /* WeatherViewController.swift in Sources */ = {isa = PBXBuildFile; fileRef = 88D965C7278E64B100DD5ACD /* WeatherViewController.swift */; };
/* End PBXBuildFile section */

/* Begin PBXFileReference section */
		88CE0CDB278D602C00C52F86 /* WeatherApp.app */ = {isa = PBXFileReference; explicitFileType = wrapper.application; includeInIndex = 0; path = WeatherApp.app; sourceTree = BUILT_PRODUCTS_DIR; };
		88CE0CDE278D602C00C52F86 /* AppDelegate.swift */ = {isa = PBXFileReference; lastKnownFileType = sourcecode.swift; path = AppDelegate.swift; sourceTree = "<group>"; };
		88CE0CE0278D602C00C52F86 /* SceneDelegate.swift */ = {isa = PBXFileReference; lastKnownFileType = sourcecode.swift; path = SceneDelegate.swift; sourceTree = "<group>"; };
		88CE0CE2278D602C00C52F86 /* ViewController.swift */ = {isa = PBXFileReference; lastKnownFileType = sourcecode.swift; path = ViewController.swift; sourceTree = "<group>"; };
		88CE0CE5278D602C00C52F86 /* Base */ = {isa = PBXFileReference; lastKnownFileType = file.storyboard; name = Base; path = Base.lproj/Main.storyboard; sourceTree = "<group>"; };
		88CE0CE7278D602E00C52F86 /* Assets.xcassets */ = {isa = PBXFileReference; lastKnownFileType = folder.assetcatalog; path = Assets.xcassets; sourceTree = "<group>"; };
		88CE0CEA278D602E00C52F86 /* Base */ = {isa = PBXFileReference; lastKnownFileType = file.storyboard; name = Base; path = Base.lproj/LaunchScreen.storyboard; sourceTree = "<group>"; };
		88CE0CEC278D602E00C52F86 /* Info.plist */ = {isa = PBXFileReference; lastKnownFileType = text.plist.xml; path = Info.plist; sourceTree = "<group>"; };
		88CE0CF3278D688300C52F86 /* Country.swift */ = {isa = PBXFileReference; lastKnownFileType = sourcecode.swift; path = Country.swift; sourceTree = "<group>"; };
		88CE0CF5278D6A8600C52F86 /* CountryTableViewCell.swift */ = {isa = PBXFileReference; lastKnownFileType = sourcecode.swift; path = CountryTableViewCell.swift; sourceTree = "<group>"; };
		88CE0CF7278D76C100C52F86 /* CityViewController.swift */ = {isa = PBXFileReference; lastKnownFileType = sourcecode.swift; path = CityViewController.swift; sourceTree = "<group>"; };
		88D965C3278E53E900DD5ACD /* CityTableViewCell.swift */ = {isa = PBXFileReference; lastKnownFileType = sourcecode.swift; path = CityTableViewCell.swift; sourceTree = "<group>"; };
		88D965C5278E57BD00DD5ACD /* City.swift */ = {isa = PBXFileReference; lastKnownFileType = sourcecode.swift; path = City.swift; sourceTree = "<group>"; };
		88D965C7278E64B100DD5ACD /* WeatherViewController.swift */ = {isa = PBXFileReference; lastKnownFileType = sourcecode.swift; path = WeatherViewController.swift; sourceTree = "<group>"; };
/* End PBXFileReference section */

/* Begin PBXFrameworksBuildPhase section */
		88CE0CD8278D602C00C52F86 /* Frameworks */ = {
			isa = PBXFrameworksBuildPhase;
			buildActionMask = 2147483647;
			files = (
			);
			runOnlyForDeploymentPostprocessing = 0;
		};
/* End PBXFrameworksBuildPhase section */

/* Begin PBXGroup section */
		88CE0CD2278D602C00C52F86 = {
			isa = PBXGroup;
			children = (
				88CE0CDD278D602C00C52F86 /* WeatherApp */,
				88CE0CDC278D602C00C52F86 /* Products */,
			);
			sourceTree = "<group>";
		};
		88CE0CDC278D602C00C52F86 /* Products */ = {
			isa = PBXGroup;
			children = (
				88CE0CDB278D602C00C52F86 /* WeatherApp.app */,
			);
			name = Products;
			sourceTree = "<group>";
		};
		88CE0CDD278D602C00C52F86 /* WeatherApp */ = {
			isa = PBXGroup;
			children = (
				88CE0CF2278D604000C52F86 /* Supporting Files */,
				88CE0CE2278D602C00C52F86 /* ViewController.swift */,
				88CE0CF5278D6A8600C52F86 /* CountryTableViewCell.swift */,
				88CE0CF7278D76C100C52F86 /* CityViewController.swift */,
				88D965C3278E53E900DD5ACD /* CityTableViewCell.swift */,
				88D965C7278E64B100DD5ACD /* WeatherViewController.swift */,
				88CE0CF3278D688300C52F86 /* Country.swift */,
				88D965C5278E57BD00DD5ACD /* City.swift */,
				88CE0CE4278D602C00C52F86 /* Main.storyboard */,
				88CE0CEC278D602E00C52F86 /* Info.plist */,
			);
			path = WeatherApp;
			sourceTree = "<group>";
		};
		88CE0CF2278D604000C52F86 /* Supporting Files */ = {
			isa = PBXGroup;
			children = (
				88CE0CDE278D602C00C52F86 /* AppDelegate.swift */,
				88CE0CE0278D602C00C52F86 /* SceneDelegate.swift */,
				88CE0CE7278D602E00C52F86 /* Assets.xcassets */,
				88CE0CE9278D602E00C52F86 /* LaunchScreen.storyboard */,
			);
			path = "Supporting Files";
			sourceTree = "<group>";
		};
/* End PBXGroup section */

/* Begin PBXNativeTarget section */
		88CE0CDA278D602C00C52F86 /* WeatherApp */ = {
			isa = PBXNativeTarget;
			buildConfigurationList = 88CE0CEF278D602E00C52F86 /* Build configuration list for PBXNativeTarget "WeatherApp" */;
			buildPhases = (
				88CE0CD7278D602C00C52F86 /* Sources */,
				88CE0CD8278D602C00C52F86 /* Frameworks */,
				88CE0CD9278D602C00C52F86 /* Resources */,
			);
			buildRules = (
			);
			dependencies = (
			);
			name = WeatherApp;
			productName = WeatherApp;
			productReference = 88CE0CDB278D602C00C52F86 /* WeatherApp.app */;
			productType = "com.apple.product-type.application";
		};
/* End PBXNativeTarget section */

/* Begin PBXProject section */
		88CE0CD3278D602C00C52F86 /* Project object */ = {
			isa = PBXProject;
			attributes = {
				BuildIndependentTargetsInParallel = 1;
				LastSwiftUpdateCheck = 1320;
				LastUpgradeCheck = 1320;
				TargetAttributes = {
					88CE0CDA278D602C00C52F86 = {
						CreatedOnToolsVersion = 13.2.1;
					};
				};
			};
			buildConfigurationList = 88CE0CD6278D602C00C52F86 /* Build configuration list for PBXProject "WeatherApp" */;
			compatibilityVersion = "Xcode 13.0";
			developmentRegion = en;
			hasScannedForEncodings = 0;
			knownRegions = (
				en,
				Base,
			);
			mainGroup = 88CE0CD2278D602C00C52F86;
			productRefGroup = 88CE0CDC278D602C00C52F86 /* Products */;
			projectDirPath = "";
			projectRoot = "";
			targets = (
				88CE0CDA278D602C00C52F86 /* WeatherApp */,
			);
		};
/* End PBXProject section */

/* Begin PBXResourcesBuildPhase section */
		88CE0CD9278D602C00C52F86 /* Resources */ = {
			isa = PBXResourcesBuildPhase;
			buildActionMask = 2147483647;
			files = (
				88CE0CEB278D602E00C52F86 /* LaunchScreen.storyboard in Resources */,
				88CE0CE8278D602E00C52F86 /* Assets.xcassets in Resources */,
				88CE0CE6278D602C00C52F86 /* Main.storyboard in Resources */,
			);
			runOnlyForDeploymentPostprocessing = 0;
		};
/* End PBXResourcesBuildPhase section */

/* Begin PBXSourcesBuildPhase section */
		88CE0CD7278D602C00C52F86 /* Sources */ = {
			isa = PBXSourcesBuildPhase;
			buildActionMask = 2147483647;
			files = (
				88CE0CE3278D602C00C52F86 /* ViewController.swift in Sources */,
				88D965C8278E64B100DD5ACD /* WeatherViewController.swift in Sources */,
				88D965C4278E53E900DD5ACD /* CityTableViewCell.swift in Sources */,
				88CE0CF4278D688300C52F86 /* Country.swift in Sources */,
				88CE0CDF278D602C00C52F86 /* AppDelegate.swift in Sources */,
				88CE0CE1278D602C00C52F86 /* SceneDelegate.swift in Sources */,
				88CE0CF6278D6A8600C52F86 /* CountryTableViewCell.swift in Sources */,
				88D965C6278E57BD00DD5ACD /* City.swift in Sources */,
				88CE0CF8278D76C100C52F86 /* CityViewController.swift in Sources */,
			);
			runOnlyForDeploymentPostprocessing = 0;
		};
/* End PBXSourcesBuildPhase section */

/* Begin PBXVariantGroup section */
		88CE0CE4278D602C00C52F86 /* Main.storyboard */ = {
			isa = PBXVariantGroup;
			children = (
				88CE0CE5278D602C00C52F86 /* Base */,
			);
			name = Main.storyboard;
			sourceTree = "<group>";
		};
		88CE0CE9278D602E00C52F86 /* LaunchScreen.storyboard */ = {
			isa = PBXVariantGroup;
			children = (
				88CE0CEA278D602E00C52F86 /* Base */,
			);
			name = LaunchScreen.storyboard;
			sourceTree = "<group>";
		};
/* End PBXVariantGroup section */

/* Begin XCBuildConfiguration section */
		88CE0CED278D602E00C52F86 /* Debug */ = {
			isa = XCBuildConfiguration;
			buildSettings = {
				ALWAYS_SEARCH_USER_PATHS = NO;
				CLANG_ANALYZER_NONNULL = YES;
				CLANG_ANALYZER_NUMBER_OBJECT_CONVERSION = YES_AGGRESSIVE;
				CLANG_CXX_LANGUAGE_STANDARD = "gnu++17";
				CLANG_CXX_LIBRARY = "libc++";
				CLANG_ENABLE_MODULES = YES;
				CLANG_ENABLE_OBJC_ARC = YES;
				CLANG_ENABLE_OBJC_WEAK = YES;
				CLANG_WARN_BLOCK_CAPTURE_AUTORELEASING = YES;
				CLANG_WARN_BOOL_CONVERSION = YES;
				CLANG_WARN_COMMA = YES;
				CLANG_WARN_CONSTANT_CONVERSION = YES;
				CLANG_WARN_DEPRECATED_OBJC_IMPLEMENTATIONS = YES;
				CLANG_WARN_DIRECT_OBJC_ISA_USAGE = YES_ERROR;
				CLANG_WARN_DOCUMENTATION_COMMENTS = YES;
				CLANG_WARN_EMPTY_BODY = YES;
				CLANG_WARN_ENUM_CONVERSION = YES;
				CLANG_WARN_INFINITE_RECURSION = YES;
				CLANG_WARN_INT_CONVERSION = YES;
				CLANG_WARN_NON_LITERAL_NULL_CONVERSION = YES;
				CLANG_WARN_OBJC_IMPLICIT_RETAIN_SELF = YES;
				CLANG_WARN_OBJC_LITERAL_CONVERSION = YES;
				CLANG_WARN_OBJC_ROOT_CLASS = YES_ERROR;
				CLANG_WARN_QUOTED_INCLUDE_IN_FRAMEWORK_HEADER = YES;
				CLANG_WARN_RANGE_LOOP_ANALYSIS = YES;
				CLANG_WARN_STRICT_PROTOTYPES = YES;
				CLANG_WARN_SUSPICIOUS_MOVE = YES;
				CLANG_WARN_UNGUARDED_AVAILABILITY = YES_AGGRESSIVE;
				CLANG_WARN_UNREACHABLE_CODE = YES;
				CLANG_WARN__DUPLICATE_METHOD_MATCH = YES;
				COPY_PHASE_STRIP = NO;
				DEBUG_INFORMATION_FORMAT = dwarf;
				ENABLE_STRICT_OBJC_MSGSEND = YES;
				ENABLE_TESTABILITY = YES;
				GCC_C_LANGUAGE_STANDARD = gnu11;
				GCC_DYNAMIC_NO_PIC = NO;
				GCC_NO_COMMON_BLOCKS = YES;
				GCC_OPTIMIZATION_LEVEL = 0;
				GCC_PREPROCESSOR_DEFINITIONS = (
					"DEBUG=1",
					"$(inherited)",
				);
				GCC_WARN_64_TO_32_BIT_CONVERSION = YES;
				GCC_WARN_ABOUT_RETURN_TYPE = YES_ERROR;
				GCC_WARN_UNDECLARED_SELECTOR = YES;
				GCC_WARN_UNINITIALIZED_AUTOS = YES_AGGRESSIVE;
				GCC_WARN_UNUSED_FUNCTION = YES;
				GCC_WARN_UNUSED_VARIABLE = YES;
				IPHONEOS_DEPLOYMENT_TARGET = 15.2;
				MTL_ENABLE_DEBUG_INFO = INCLUDE_SOURCE;
				MTL_FAST_MATH = YES;
				ONLY_ACTIVE_ARCH = YES;
				SDKROOT = iphoneos;
				SWIFT_ACTIVE_COMPILATION_CONDITIONS = DEBUG;
				SWIFT_OPTIMIZATION_LEVEL = "-Onone";
			};
			name = Debug;
		};
		88CE0CEE278D602E00C52F86 /* Release */ = {
			isa = XCBuildConfiguration;
			buildSettings = {
				ALWAYS_SEARCH_USER_PATHS = NO;
				CLANG_ANALYZER_NONNULL = YES;
				CLANG_ANALYZER_NUMBER_OBJECT_CONVERSION = YES_AGGRESSIVE;
				CLANG_CXX_LANGUAGE_STANDARD = "gnu++17";
				CLANG_CXX_LIBRARY = "libc++";
				CLANG_ENABLE_MODULES = YES;
				CLANG_ENABLE_OBJC_ARC = YES;
				CLANG_ENABLE_OBJC_WEAK = YES;
				CLANG_WARN_BLOCK_CAPTURE_AUTORELEASING = YES;
				CLANG_WARN_BOOL_CONVERSION = YES;
				CLANG_WARN_COMMA = YES;
				CLANG_WARN_CONSTANT_CONVERSION = YES;
				CLANG_WARN_DEPRECATED_OBJC_IMPLEMENTATIONS = YES;
				CLANG_WARN_DIRECT_OBJC_ISA_USAGE = YES_ERROR;
				CLANG_WARN_DOCUMENTATION_COMMENTS = YES;
				CLANG_WARN_EMPTY_BODY = YES;
				CLANG_WARN_ENUM_CONVERSION = YES;
				CLANG_WARN_INFINITE_RECURSION = YES;
				CLANG_WARN_INT_CONVERSION = YES;
				CLANG_WARN_NON_LITERAL_NULL_CONVERSION = YES;
				CLANG_WARN_OBJC_IMPLICIT_RETAIN_SELF = YES;
				CLANG_WARN_OBJC_LITERAL_CONVERSION = YES;
				CLANG_WARN_OBJC_ROOT_CLASS = YES_ERROR;
				CLANG_WARN_QUOTED_INCLUDE_IN_FRAMEWORK_HEADER = YES;
				CLANG_WARN_RANGE_LOOP_ANALYSIS = YES;
				CLANG_WARN_STRICT_PROTOTYPES = YES;
				CLANG_WARN_SUSPICIOUS_MOVE = YES;
				CLANG_WARN_UNGUARDED_AVAILABILITY = YES_AGGRESSIVE;
				CLANG_WARN_UNREACHABLE_CODE = YES;
				CLANG_WARN__DUPLICATE_METHOD_MATCH = YES;
				COPY_PHASE_STRIP = NO;
				DEBUG_INFORMATION_FORMAT = "dwarf-with-dsym";
				ENABLE_NS_ASSERTIONS = NO;
				ENABLE_STRICT_OBJC_MSGSEND = YES;
				GCC_C_LANGUAGE_STANDARD = gnu11;
				GCC_NO_COMMON_BLOCKS = YES;
				GCC_WARN_64_TO_32_BIT_CONVERSION = YES;
				GCC_WARN_ABOUT_RETURN_TYPE = YES_ERROR;
				GCC_WARN_UNDECLARED_SELECTOR = YES;
				GCC_WARN_UNINITIALIZED_AUTOS = YES_AGGRESSIVE;
				GCC_WARN_UNUSED_FUNCTION = YES;
				GCC_WARN_UNUSED_VARIABLE = YES;
				IPHONEOS_DEPLOYMENT_TARGET = 15.2;
				MTL_ENABLE_DEBUG_INFO = NO;
				MTL_FAST_MATH = YES;
				SDKROOT = iphoneos;
				SWIFT_COMPILATION_MODE = wholemodule;
				SWIFT_OPTIMIZATION_LEVEL = "-O";
				VALIDATE_PRODUCT = YES;
			};
			name = Release;
		};
		88CE0CF0278D602E00C52F86 /* Debug */ = {
			isa = XCBuildConfiguration;
			buildSettings = {
				ASSETCATALOG_COMPILER_APPICON_NAME = AppIcon;
				ASSETCATALOG_COMPILER_GLOBAL_ACCENT_COLOR_NAME = AccentColor;
				CODE_SIGN_STYLE = Automatic;
				CURRENT_PROJECT_VERSION = 1;
				DEVELOPMENT_TEAM = 96KDP35MCD;
				GENERATE_INFOPLIST_FILE = YES;
				INFOPLIST_FILE = WeatherApp/Info.plist;
				INFOPLIST_KEY_UIApplicationSupportsIndirectInputEvents = YES;
				INFOPLIST_KEY_UILaunchStoryboardName = LaunchScreen;
				INFOPLIST_KEY_UIMainStoryboardFile = Main;
				INFOPLIST_KEY_UISupportedInterfaceOrientations_iPad = "UIInterfaceOrientationPortrait UIInterfaceOrientationPortraitUpsideDown UIInterfaceOrientationLandscapeLeft UIInterfaceOrientationLandscapeRight";
				INFOPLIST_KEY_UISupportedInterfaceOrientations_iPhone = "UIInterfaceOrientationPortrait UIInterfaceOrientationLandscapeLeft UIInterfaceOrientationLandscapeRight";
				LD_RUNPATH_SEARCH_PATHS = (
					"$(inherited)",
					"@executable_path/Frameworks",
				);
				MARKETING_VERSION = 1.0;
				PRODUCT_BUNDLE_IDENTIFIER = com.yh.study.WeatherApp;
				PRODUCT_NAME = "$(TARGET_NAME)";
				SWIFT_EMIT_LOC_STRINGS = YES;
				SWIFT_VERSION = 5.0;
				TARGETED_DEVICE_FAMILY = "1,2";
			};
			name = Debug;
		};
		88CE0CF1278D602E00C52F86 /* Release */ = {
			isa = XCBuildConfiguration;
			buildSettings = {
				ASSETCATALOG_COMPILER_APPICON_NAME = AppIcon;
				ASSETCATALOG_COMPILER_GLOBAL_ACCENT_COLOR_NAME = AccentColor;
				CODE_SIGN_STYLE = Automatic;
				CURRENT_PROJECT_VERSION = 1;
				DEVELOPMENT_TEAM = 96KDP35MCD;
				GENERATE_INFOPLIST_FILE = YES;
				INFOPLIST_FILE = WeatherApp/Info.plist;
				INFOPLIST_KEY_UIApplicationSupportsIndirectInputEvents = YES;
				INFOPLIST_KEY_UILaunchStoryboardName = LaunchScreen;
				INFOPLIST_KEY_UIMainStoryboardFile = Main;
				INFOPLIST_KEY_UISupportedInterfaceOrientations_iPad = "UIInterfaceOrientationPortrait UIInterfaceOrientationPortraitUpsideDown UIInterfaceOrientationLandscapeLeft UIInterfaceOrientationLandscapeRight";
				INFOPLIST_KEY_UISupportedInterfaceOrientations_iPhone = "UIInterfaceOrientationPortrait UIInterfaceOrientationLandscapeLeft UIInterfaceOrientationLandscapeRight";
				LD_RUNPATH_SEARCH_PATHS = (
					"$(inherited)",
					"@executable_path/Frameworks",
				);
				MARKETING_VERSION = 1.0;
				PRODUCT_BUNDLE_IDENTIFIER = com.yh.study.WeatherApp;
				PRODUCT_NAME = "$(TARGET_NAME)";
				SWIFT_EMIT_LOC_STRINGS = YES;
				SWIFT_VERSION = 5.0;
				TARGETED_DEVICE_FAMILY = "1,2";
			};
			name = Release;
		};
/* End XCBuildConfiguration section */

/* Begin XCConfigurationList section */
		88CE0CD6278D602C00C52F86 /* Build configuration list for PBXProject "WeatherApp" */ = {
			isa = XCConfigurationList;
			buildConfigurations = (
				88CE0CED278D602E00C52F86 /* Debug */,
				88CE0CEE278D602E00C52F86 /* Release */,
			);
			defaultConfigurationIsVisible = 0;
			defaultConfigurationName = Release;
		};
		88CE0CEF278D602E00C52F86 /* Build configuration list for PBXNativeTarget "WeatherApp" */ = {
			isa = XCConfigurationList;
			buildConfigurations = (
				88CE0CF0278D602E00C52F86 /* Debug */,
				88CE0CF1278D602E00C52F86 /* Release */,
			);
			defaultConfigurationIsVisible = 0;
			defaultConfigurationName = Release;
		};
/* End XCConfigurationList section */
	};
	rootObject = 88CE0CD3278D602C00C52F86 /* Project object */;
}
