// !$*UTF8*$!
{
	archiveVersion = 1;
	classes = {
	};
	objectVersion = 55;
	objects = {

/* Begin PBXBuildFile section */
		889D5D622828944D00F4A829 /* LandmarksApp.swift in Sources */ = {isa = PBXBuildFile; fileRef = 889D5D612828944D00F4A829 /* LandmarksApp.swift */; };
		889D5D642828944D00F4A829 /* ContentView.swift in Sources */ = {isa = PBXBuildFile; fileRef = 889D5D632828944D00F4A829 /* ContentView.swift */; };
		889D5D662828945000F4A829 /* Assets.xcassets in Resources */ = {isa = PBXBuildFile; fileRef = 889D5D652828945000F4A829 /* Assets.xcassets */; };
		889D5D692828945000F4A829 /* Preview Assets.xcassets in Resources */ = {isa = PBXBuildFile; fileRef = 889D5D682828945000F4A829 /* Preview Assets.xcassets */; };
		889D5D702828A40400F4A829 /* CircleImage.swift in Sources */ = {isa = PBXBuildFile; fileRef = 889D5D6F2828A40400F4A829 /* CircleImage.swift */; };
		889D5D722828A58A00F4A829 /* MapView.swift in Sources */ = {isa = PBXBuildFile; fileRef = 889D5D712828A58A00F4A829 /* MapView.swift */; };
		889D5D752828B75C00F4A829 /* landmarkData.json in Resources */ = {isa = PBXBuildFile; fileRef = 889D5D742828B75C00F4A829 /* landmarkData.json */; };
		889D5D772828CC2600F4A829 /* Landmark.swift in Sources */ = {isa = PBXBuildFile; fileRef = 889D5D762828CC2600F4A829 /* Landmark.swift */; };
		889D5D792828CE3500F4A829 /* ModelData.swift in Sources */ = {isa = PBXBuildFile; fileRef = 889D5D782828CE3500F4A829 /* ModelData.swift */; };
		889D5D7D2828CFEA00F4A829 /* LandmarkRow.swift in Sources */ = {isa = PBXBuildFile; fileRef = 889D5D7C2828CFEA00F4A829 /* LandmarkRow.swift */; };
		889D5D7F2828D1C400F4A829 /* LandmarkList.swift in Sources */ = {isa = PBXBuildFile; fileRef = 889D5D7E2828D1C400F4A829 /* LandmarkList.swift */; };
		889D5D832828D49800F4A829 /* LandmarkDetail.swift in Sources */ = {isa = PBXBuildFile; fileRef = 889D5D822828D49800F4A829 /* LandmarkDetail.swift */; };
		889D5D852828EE9700F4A829 /* FavoriteButton.swift in Sources */ = {isa = PBXBuildFile; fileRef = 889D5D842828EE9700F4A829 /* FavoriteButton.swift */; };
/* End PBXBuildFile section */

/* Begin PBXFileReference section */
		889D5D5E2828944D00F4A829 /* Landmarks.app */ = {isa = PBXFileReference; explicitFileType = wrapper.application; includeInIndex = 0; path = Landmarks.app; sourceTree = BUILT_PRODUCTS_DIR; };
		889D5D612828944D00F4A829 /* LandmarksApp.swift */ = {isa = PBXFileReference; lastKnownFileType = sourcecode.swift; path = LandmarksApp.swift; sourceTree = "<group>"; };
		889D5D632828944D00F4A829 /* ContentView.swift */ = {isa = PBXFileReference; lastKnownFileType = sourcecode.swift; path = ContentView.swift; sourceTree = "<group>"; };
		889D5D652828945000F4A829 /* Assets.xcassets */ = {isa = PBXFileReference; lastKnownFileType = folder.assetcatalog; path = Assets.xcassets; sourceTree = "<group>"; };
		889D5D682828945000F4A829 /* Preview Assets.xcassets */ = {isa = PBXFileReference; lastKnownFileType = folder.assetcatalog; path = "Preview Assets.xcassets"; sourceTree = "<group>"; };
		889D5D6F2828A40400F4A829 /* CircleImage.swift */ = {isa = PBXFileReference; lastKnownFileType = sourcecode.swift; path = CircleImage.swift; sourceTree = "<group>"; };
		889D5D712828A58A00F4A829 /* MapView.swift */ = {isa = PBXFileReference; lastKnownFileType = sourcecode.swift; path = MapView.swift; sourceTree = "<group>"; };
		889D5D742828B75C00F4A829 /* landmarkData.json */ = {isa = PBXFileReference; fileEncoding = 4; lastKnownFileType = text.json; path = landmarkData.json; sourceTree = "<group>"; };
		889D5D762828CC2600F4A829 /* Landmark.swift */ = {isa = PBXFileReference; lastKnownFileType = sourcecode.swift; path = Landmark.swift; sourceTree = "<group>"; };
		889D5D782828CE3500F4A829 /* ModelData.swift */ = {isa = PBXFileReference; lastKnownFileType = sourcecode.swift; path = ModelData.swift; sourceTree = "<group>"; };
		889D5D7C2828CFEA00F4A829 /* LandmarkRow.swift */ = {isa = PBXFileReference; lastKnownFileType = sourcecode.swift; path = LandmarkRow.swift; sourceTree = "<group>"; };
		889D5D7E2828D1C400F4A829 /* LandmarkList.swift */ = {isa = PBXFileReference; lastKnownFileType = sourcecode.swift; path = LandmarkList.swift; sourceTree = "<group>"; };
		889D5D822828D49800F4A829 /* LandmarkDetail.swift */ = {isa = PBXFileReference; lastKnownFileType = sourcecode.swift; path = LandmarkDetail.swift; sourceTree = "<group>"; };
		889D5D842828EE9700F4A829 /* FavoriteButton.swift */ = {isa = PBXFileReference; lastKnownFileType = sourcecode.swift; path = FavoriteButton.swift; sourceTree = "<group>"; };
/* End PBXFileReference section */

/* Begin PBXFrameworksBuildPhase section */
		889D5D5B2828944D00F4A829 /* Frameworks */ = {
			isa = PBXFrameworksBuildPhase;
			buildActionMask = 2147483647;
			files = (
			);
			runOnlyForDeploymentPostprocessing = 0;
		};
/* End PBXFrameworksBuildPhase section */

/* Begin PBXGroup section */
		889D5D552828944D00F4A829 = {
			isa = PBXGroup;
			children = (
				889D5D602828944D00F4A829 /* Landmarks */,
				889D5D5F2828944D00F4A829 /* Products */,
			);
			sourceTree = "<group>";
		};
		889D5D5F2828944D00F4A829 /* Products */ = {
			isa = PBXGroup;
			children = (
				889D5D5E2828944D00F4A829 /* Landmarks.app */,
			);
			name = Products;
			sourceTree = "<group>";
		};
		889D5D602828944D00F4A829 /* Landmarks */ = {
			isa = PBXGroup;
			children = (
				889D5D612828944D00F4A829 /* LandmarksApp.swift */,
				889D5D7A2828CFB400F4A829 /* Views */,
				889D5D7B2828CFBF00F4A829 /* Model */,
				889D5D732828B75C00F4A829 /* Resources */,
				889D5D652828945000F4A829 /* Assets.xcassets */,
				889D5D672828945000F4A829 /* Preview Content */,
			);
			path = Landmarks;
			sourceTree = "<group>";
		};
		889D5D672828945000F4A829 /* Preview Content */ = {
			isa = PBXGroup;
			children = (
				889D5D682828945000F4A829 /* Preview Assets.xcassets */,
			);
			path = "Preview Content";
			sourceTree = "<group>";
		};
		889D5D732828B75C00F4A829 /* Resources */ = {
			isa = PBXGroup;
			children = (
				889D5D742828B75C00F4A829 /* landmarkData.json */,
			);
			path = Resources;
			sourceTree = "<group>";
		};
		889D5D7A2828CFB400F4A829 /* Views */ = {
			isa = PBXGroup;
			children = (
				889D5D632828944D00F4A829 /* ContentView.swift */,
				889D5D862828EF2600F4A829 /* Landmarks */,
				889D5D872828EF3900F4A829 /* Helpers */,
			);
			path = Views;
			sourceTree = "<group>";
		};
		889D5D7B2828CFBF00F4A829 /* Model */ = {
			isa = PBXGroup;
			children = (
				889D5D782828CE3500F4A829 /* ModelData.swift */,
				889D5D762828CC2600F4A829 /* Landmark.swift */,
			);
			path = Model;
			sourceTree = "<group>";
		};
		889D5D862828EF2600F4A829 /* Landmarks */ = {
			isa = PBXGroup;
			children = (
				889D5D7C2828CFEA00F4A829 /* LandmarkRow.swift */,
				889D5D7E2828D1C400F4A829 /* LandmarkList.swift */,
				889D5D822828D49800F4A829 /* LandmarkDetail.swift */,
			);
			path = Landmarks;
			sourceTree = "<group>";
		};
		889D5D872828EF3900F4A829 /* Helpers */ = {
			isa = PBXGroup;
			children = (
				889D5D6F2828A40400F4A829 /* CircleImage.swift */,
				889D5D712828A58A00F4A829 /* MapView.swift */,
				889D5D842828EE9700F4A829 /* FavoriteButton.swift */,
			);
			path = Helpers;
			sourceTree = "<group>";
		};
/* End PBXGroup section */

/* Begin PBXNativeTarget section */
		889D5D5D2828944D00F4A829 /* Landmarks */ = {
			isa = PBXNativeTarget;
			buildConfigurationList = 889D5D6C2828945000F4A829 /* Build configuration list for PBXNativeTarget "Landmarks" */;
			buildPhases = (
				889D5D5A2828944D00F4A829 /* Sources */,
				889D5D5B2828944D00F4A829 /* Frameworks */,
				889D5D5C2828944D00F4A829 /* Resources */,
			);
			buildRules = (
			);
			dependencies = (
			);
			name = Landmarks;
			productName = Landmarks;
			productReference = 889D5D5E2828944D00F4A829 /* Landmarks.app */;
			productType = "com.apple.product-type.application";
		};
/* End PBXNativeTarget section */

/* Begin PBXProject section */
		889D5D562828944D00F4A829 /* Project object */ = {
			isa = PBXProject;
			attributes = {
				BuildIndependentTargetsInParallel = 1;
				LastSwiftUpdateCheck = 1330;
				LastUpgradeCheck = 1330;
				TargetAttributes = {
					889D5D5D2828944D00F4A829 = {
						CreatedOnToolsVersion = 13.3.1;
					};
				};
			};
			buildConfigurationList = 889D5D592828944D00F4A829 /* Build configuration list for PBXProject "Landmarks" */;
			compatibilityVersion = "Xcode 13.0";
			developmentRegion = en;
			hasScannedForEncodings = 0;
			knownRegions = (
				en,
				Base,
			);
			mainGroup = 889D5D552828944D00F4A829;
			productRefGroup = 889D5D5F2828944D00F4A829 /* Products */;
			projectDirPath = "";
			projectRoot = "";
			targets = (
				889D5D5D2828944D00F4A829 /* Landmarks */,
			);
		};
/* End PBXProject section */

/* Begin PBXResourcesBuildPhase section */
		889D5D5C2828944D00F4A829 /* Resources */ = {
			isa = PBXResourcesBuildPhase;
			buildActionMask = 2147483647;
			files = (
				889D5D692828945000F4A829 /* Preview Assets.xcassets in Resources */,
				889D5D662828945000F4A829 /* Assets.xcassets in Resources */,
				889D5D752828B75C00F4A829 /* landmarkData.json in Resources */,
			);
			runOnlyForDeploymentPostprocessing = 0;
		};
/* End PBXResourcesBuildPhase section */

/* Begin PBXSourcesBuildPhase section */
		889D5D5A2828944D00F4A829 /* Sources */ = {
			isa = PBXSourcesBuildPhase;
			buildActionMask = 2147483647;
			files = (
				889D5D642828944D00F4A829 /* ContentView.swift in Sources */,
				889D5D722828A58A00F4A829 /* MapView.swift in Sources */,
				889D5D622828944D00F4A829 /* LandmarksApp.swift in Sources */,
				889D5D852828EE9700F4A829 /* FavoriteButton.swift in Sources */,
				889D5D7F2828D1C400F4A829 /* LandmarkList.swift in Sources */,
				889D5D832828D49800F4A829 /* LandmarkDetail.swift in Sources */,
				889D5D702828A40400F4A829 /* CircleImage.swift in Sources */,
				889D5D772828CC2600F4A829 /* Landmark.swift in Sources */,
				889D5D7D2828CFEA00F4A829 /* LandmarkRow.swift in Sources */,
				889D5D792828CE3500F4A829 /* ModelData.swift in Sources */,
			);
			runOnlyForDeploymentPostprocessing = 0;
		};
/* End PBXSourcesBuildPhase section */

/* Begin XCBuildConfiguration section */
		889D5D6A2828945000F4A829 /* Debug */ = {
			isa = XCBuildConfiguration;
			buildSettings = {
				ALWAYS_SEARCH_USER_PATHS = NO;
				CLANG_ANALYZER_NONNULL = YES;
				CLANG_ANALYZER_NUMBER_OBJECT_CONVERSION = YES_AGGRESSIVE;
				CLANG_CXX_LANGUAGE_STANDARD = "gnu++17";
				CLANG_ENABLE_MODULES = YES;
				CLANG_ENABLE_OBJC_ARC = YES;
				CLANG_ENABLE_OBJC_WEAK = YES;
				CLANG_WARN_BLOCK_CAPTURE_AUTORELEASING = YES;
				CLANG_WARN_BOOL_CONVERSION = YES;
				CLANG_WARN_COMMA = YES;
				CLANG_WARN_CONSTANT_CONVERSION = YES;
				CLANG_WARN_DEPRECATED_OBJC_IMPLEMENTATIONS = YES;
				CLANG_WARN_DIRECT_OBJC_ISA_USAGE = YES_ERROR;
				CLANG_WARN_DOCUMENTATION_COMMENTS = YES;
				CLANG_WARN_EMPTY_BODY = YES;
				CLANG_WARN_ENUM_CONVERSION = YES;
				CLANG_WARN_INFINITE_RECURSION = YES;
				CLANG_WARN_INT_CONVERSION = YES;
				CLANG_WARN_NON_LITERAL_NULL_CONVERSION = YES;
				CLANG_WARN_OBJC_IMPLICIT_RETAIN_SELF = YES;
				CLANG_WARN_OBJC_LITERAL_CONVERSION = YES;
				CLANG_WARN_OBJC_ROOT_CLASS = YES_ERROR;
				CLANG_WARN_QUOTED_INCLUDE_IN_FRAMEWORK_HEADER = YES;
				CLANG_WARN_RANGE_LOOP_ANALYSIS = YES;
				CLANG_WARN_STRICT_PROTOTYPES = YES;
				CLANG_WARN_SUSPICIOUS_MOVE = YES;
				CLANG_WARN_UNGUARDED_AVAILABILITY = YES_AGGRESSIVE;
				CLANG_WARN_UNREACHABLE_CODE = YES;
				CLANG_WARN__DUPLICATE_METHOD_MATCH = YES;
				COPY_PHASE_STRIP = NO;
				DEBUG_INFORMATION_FORMAT = dwarf;
				ENABLE_STRICT_OBJC_MSGSEND = YES;
				ENABLE_TESTABILITY = YES;
				GCC_C_LANGUAGE_STANDARD = gnu11;
				GCC_DYNAMIC_NO_PIC = NO;
				GCC_NO_COMMON_BLOCKS = YES;
				GCC_OPTIMIZATION_LEVEL = 0;
				GCC_PREPROCESSOR_DEFINITIONS = (
					"DEBUG=1",
					"$(inherited)",
				);
				GCC_WARN_64_TO_32_BIT_CONVERSION = YES;
				GCC_WARN_ABOUT_RETURN_TYPE = YES_ERROR;
				GCC_WARN_UNDECLARED_SELECTOR = YES;
				GCC_WARN_UNINITIALIZED_AUTOS = YES_AGGRESSIVE;
				GCC_WARN_UNUSED_FUNCTION = YES;
				GCC_WARN_UNUSED_VARIABLE = YES;
				IPHONEOS_DEPLOYMENT_TARGET = 15.4;
				MTL_ENABLE_DEBUG_INFO = INCLUDE_SOURCE;
				MTL_FAST_MATH = YES;
				ONLY_ACTIVE_ARCH = YES;
				SDKROOT = iphoneos;
				SWIFT_ACTIVE_COMPILATION_CONDITIONS = DEBUG;
				SWIFT_OPTIMIZATION_LEVEL = "-Onone";
			};
			name = Debug;
		};
		889D5D6B2828945000F4A829 /* Release */ = {
			isa = XCBuildConfiguration;
			buildSettings = {
				ALWAYS_SEARCH_USER_PATHS = NO;
				CLANG_ANALYZER_NONNULL = YES;
				CLANG_ANALYZER_NUMBER_OBJECT_CONVERSION = YES_AGGRESSIVE;
				CLANG_CXX_LANGUAGE_STANDARD = "gnu++17";
				CLANG_ENABLE_MODULES = YES;
				CLANG_ENABLE_OBJC_ARC = YES;
				CLANG_ENABLE_OBJC_WEAK = YES;
				CLANG_WARN_BLOCK_CAPTURE_AUTORELEASING = YES;
				CLANG_WARN_BOOL_CONVERSION = YES;
				CLANG_WARN_COMMA = YES;
				CLANG_WARN_CONSTANT_CONVERSION = YES;
				CLANG_WARN_DEPRECATED_OBJC_IMPLEMENTATIONS = YES;
				CLANG_WARN_DIRECT_OBJC_ISA_USAGE = YES_ERROR;
				CLANG_WARN_DOCUMENTATION_COMMENTS = YES;
				CLANG_WARN_EMPTY_BODY = YES;
				CLANG_WARN_ENUM_CONVERSION = YES;
				CLANG_WARN_INFINITE_RECURSION = YES;
				CLANG_WARN_INT_CONVERSION = YES;
				CLANG_WARN_NON_LITERAL_NULL_CONVERSION = YES;
				CLANG_WARN_OBJC_IMPLICIT_RETAIN_SELF = YES;
				CLANG_WARN_OBJC_LITERAL_CONVERSION = YES;
				CLANG_WARN_OBJC_ROOT_CLASS = YES_ERROR;
				CLANG_WARN_QUOTED_INCLUDE_IN_FRAMEWORK_HEADER = YES;
				CLANG_WARN_RANGE_LOOP_ANALYSIS = YES;
				CLANG_WARN_STRICT_PROTOTYPES = YES;
				CLANG_WARN_SUSPICIOUS_MOVE = YES;
				CLANG_WARN_UNGUARDED_AVAILABILITY = YES_AGGRESSIVE;
				CLANG_WARN_UNREACHABLE_CODE = YES;
				CLANG_WARN__DUPLICATE_METHOD_MATCH = YES;
				COPY_PHASE_STRIP = NO;
				DEBUG_INFORMATION_FORMAT = "dwarf-with-dsym";
				ENABLE_NS_ASSERTIONS = NO;
				ENABLE_STRICT_OBJC_MSGSEND = YES;
				GCC_C_LANGUAGE_STANDARD = gnu11;
				GCC_NO_COMMON_BLOCKS = YES;
				GCC_WARN_64_TO_32_BIT_CONVERSION = YES;
				GCC_WARN_ABOUT_RETURN_TYPE = YES_ERROR;
				GCC_WARN_UNDECLARED_SELECTOR = YES;
				GCC_WARN_UNINITIALIZED_AUTOS = YES_AGGRESSIVE;
				GCC_WARN_UNUSED_FUNCTION = YES;
				GCC_WARN_UNUSED_VARIABLE = YES;
				IPHONEOS_DEPLOYMENT_TARGET = 15.4;
				MTL_ENABLE_DEBUG_INFO = NO;
				MTL_FAST_MATH = YES;
				SDKROOT = iphoneos;
				SWIFT_COMPILATION_MODE = wholemodule;
				SWIFT_OPTIMIZATION_LEVEL = "-O";
				VALIDATE_PRODUCT = YES;
			};
			name = Release;
		};
		889D5D6D2828945000F4A829 /* Debug */ = {
			isa = XCBuildConfiguration;
			buildSettings = {
				ASSETCATALOG_COMPILER_APPICON_NAME = AppIcon;
				ASSETCATALOG_COMPILER_GLOBAL_ACCENT_COLOR_NAME = AccentColor;
				CODE_SIGN_STYLE = Automatic;
				CURRENT_PROJECT_VERSION = 1;
				DEVELOPMENT_ASSET_PATHS = "\"Landmarks/Preview Content\"";
				DEVELOPMENT_TEAM = 96KDP35MCD;
				ENABLE_PREVIEWS = YES;
				GENERATE_INFOPLIST_FILE = YES;
				INFOPLIST_KEY_UIApplicationSceneManifest_Generation = YES;
				INFOPLIST_KEY_UIApplicationSupportsIndirectInputEvents = YES;
				INFOPLIST_KEY_UILaunchScreen_Generation = YES;
				INFOPLIST_KEY_UISupportedInterfaceOrientations_iPad = "UIInterfaceOrientationPortrait UIInterfaceOrientationPortraitUpsideDown UIInterfaceOrientationLandscapeLeft UIInterfaceOrientationLandscapeRight";
				INFOPLIST_KEY_UISupportedInterfaceOrientations_iPhone = "UIInterfaceOrientationPortrait UIInterfaceOrientationLandscapeLeft UIInterfaceOrientationLandscapeRight";
				LD_RUNPATH_SEARCH_PATHS = (
					"$(inherited)",
					"@executable_path/Frameworks",
				);
				MARKETING_VERSION = 1.0;
				PRODUCT_BUNDLE_IDENTIFIER = com.yh.ios.Landmarks;
				PRODUCT_NAME = "$(TARGET_NAME)";
				SWIFT_EMIT_LOC_STRINGS = YES;
				SWIFT_VERSION = 5.0;
				TARGETED_DEVICE_FAMILY = "1,2";
			};
			name = Debug;
		};
		889D5D6E2828945000F4A829 /* Release */ = {
			isa = XCBuildConfiguration;
			buildSettings = {
				ASSETCATALOG_COMPILER_APPICON_NAME = AppIcon;
				ASSETCATALOG_COMPILER_GLOBAL_ACCENT_COLOR_NAME = AccentColor;
				CODE_SIGN_STYLE = Automatic;
				CURRENT_PROJECT_VERSION = 1;
				DEVELOPMENT_ASSET_PATHS = "\"Landmarks/Preview Content\"";
				DEVELOPMENT_TEAM = 96KDP35MCD;
				ENABLE_PREVIEWS = YES;
				GENERATE_INFOPLIST_FILE = YES;
				INFOPLIST_KEY_UIApplicationSceneManifest_Generation = YES;
				INFOPLIST_KEY_UIApplicationSupportsIndirectInputEvents = YES;
				INFOPLIST_KEY_UILaunchScreen_Generation = YES;
				INFOPLIST_KEY_UISupportedInterfaceOrientations_iPad = "UIInterfaceOrientationPortrait UIInterfaceOrientationPortraitUpsideDown UIInterfaceOrientationLandscapeLeft UIInterfaceOrientationLandscapeRight";
				INFOPLIST_KEY_UISupportedInterfaceOrientations_iPhone = "UIInterfaceOrientationPortrait UIInterfaceOrientationLandscapeLeft UIInterfaceOrientationLandscapeRight";
				LD_RUNPATH_SEARCH_PATHS = (
					"$(inherited)",
					"@executable_path/Frameworks",
				);
				MARKETING_VERSION = 1.0;
				PRODUCT_BUNDLE_IDENTIFIER = com.yh.ios.Landmarks;
				PRODUCT_NAME = "$(TARGET_NAME)";
				SWIFT_EMIT_LOC_STRINGS = YES;
				SWIFT_VERSION = 5.0;
				TARGETED_DEVICE_FAMILY = "1,2";
			};
			name = Release;
		};
/* End XCBuildConfiguration section */

/* Begin XCConfigurationList section */
		889D5D592828944D00F4A829 /* Build configuration list for PBXProject "Landmarks" */ = {
			isa = XCConfigurationList;
			buildConfigurations = (
				889D5D6A2828945000F4A829 /* Debug */,
				889D5D6B2828945000F4A829 /* Release */,
			);
			defaultConfigurationIsVisible = 0;
			defaultConfigurationName = Release;
		};
		889D5D6C2828945000F4A829 /* Build configuration list for PBXNativeTarget "Landmarks" */ = {
			isa = XCConfigurationList;
			buildConfigurations = (
				889D5D6D2828945000F4A829 /* Debug */,
				889D5D6E2828945000F4A829 /* Release */,
			);
			defaultConfigurationIsVisible = 0;
			defaultConfigurationName = Release;
		};
/* End XCConfigurationList section */
	};
	rootObject = 889D5D562828944D00F4A829 /* Project object */;
}
